
Microsoft Visual Studio Solution File, Format Version 12.00
# Visual Studio Version 16
VisualStudioVersion = 25.0.1706.14
MinimumVisualStudioVersion = 10.0.40219.1
Project("{FAE04EC0-301F-11D3-BF4B-00C04F79EFBC}") = "assignment1", "assignment1.csproj", "{90CD2351-E757-4B8B-B9A5-1B89DE26F76F}"
EndProject
Global
	GlobalSection(SolutionConfigurationPlatforms) = preSolution
		Debug|Any CPU = Debug|Any CPU
		Release|Any CPU = Release|Any CPU
	EndGlobalSection
	GlobalSection(ProjectConfigurationPlatforms) = postSolution
		{90CD2351-E757-4B8B-B9A5-1B89DE26F76F}.Debug|Any CPU.ActiveCfg = Debug|Any CPU
		{90CD2351-E757-4B8B-B9A5-1B89DE26F76F}.Debug|Any CPU.Build.0 = Debug|Any CPU
		{90CD2351-E757-4B8B-B9A5-1B89DE26F76F}.Release|Any CPU.ActiveCfg = Release|Any CPU
		{90CD2351-E757-4B8B-B9A5-1B89DE26F76F}.Release|Any CPU.Build.0 = Release|Any CPU
	EndGlobalSection
	GlobalSection(SolutionProperties) = preSolution
		HideSolutionNode = FALSE
	EndGlobalSection
	GlobalSection(ExtensibilityGlobals) = postSolution
		SolutionGuid = {495C1F8A-5811-43E6-AB69-E78914F683E1}
	EndGlobalSection
EndGlobal
